// !$*UTF8*$!
{
	archiveVersion = 1;
	classes = {
	};
	objectVersion = 55;
	objects = {

/* Begin PBXBuildFile section */
		5072F2B52850C5EE006B1448 /* AppDelegate.swift in Sources */ = {isa = PBXBuildFile; fileRef = 5072F2B42850C5EE006B1448 /* AppDelegate.swift */; };
		5072F2B72850C5EE006B1448 /* SceneDelegate.swift in Sources */ = {isa = PBXBuildFile; fileRef = 5072F2B62850C5EE006B1448 /* SceneDelegate.swift */; };
		5072F2BE2850C5F2006B1448 /* Assets.xcassets in Resources */ = {isa = PBXBuildFile; fileRef = 5072F2BD2850C5F2006B1448 /* Assets.xcassets */; };
		5072F2C12850C5F2006B1448 /* LaunchScreen.storyboard in Resources */ = {isa = PBXBuildFile; fileRef = 5072F2BF2850C5F2006B1448 /* LaunchScreen.storyboard */; };
		5072F2D62850C5F2006B1448 /* GBShopUITests.swift in Sources */ = {isa = PBXBuildFile; fileRef = 5072F2D52850C5F2006B1448 /* GBShopUITests.swift */; };
		5072F2D82850C5F2006B1448 /* GBShopUITestsLaunchTests.swift in Sources */ = {isa = PBXBuildFile; fileRef = 5072F2D72850C5F2006B1448 /* GBShopUITestsLaunchTests.swift */; };
		5072F2EE285346AC006B1448 /* AbstractErrorParser.swift in Sources */ = {isa = PBXBuildFile; fileRef = 5072F2ED285346AC006B1448 /* AbstractErrorParser.swift */; };
		5072F2F12853480C006B1448 /* Alamofire in Frameworks */ = {isa = PBXBuildFile; productRef = 5072F2F02853480C006B1448 /* Alamofire */; };
		5072F2F328534852006B1448 /* DataRequest.swift in Sources */ = {isa = PBXBuildFile; fileRef = 5072F2F228534852006B1448 /* DataRequest.swift */; };
		5072F2F528534A2F006B1448 /* AbstractRequestFactory.swift in Sources */ = {isa = PBXBuildFile; fileRef = 5072F2F428534A2F006B1448 /* AbstractRequestFactory.swift */; };
		5072F2F728534BD7006B1448 /* ErrorParser.swift in Sources */ = {isa = PBXBuildFile; fileRef = 5072F2F628534BD7006B1448 /* ErrorParser.swift */; };
		5072F2F928534CD2006B1448 /* RequestRouter.swift in Sources */ = {isa = PBXBuildFile; fileRef = 5072F2F828534CD2006B1448 /* RequestRouter.swift */; };
		5072F2FB28534DBD006B1448 /* LoginResult.swift in Sources */ = {isa = PBXBuildFile; fileRef = 5072F2FA28534DBD006B1448 /* LoginResult.swift */; };
		5072F2FD28534DCE006B1448 /* User.swift in Sources */ = {isa = PBXBuildFile; fileRef = 5072F2FC28534DCE006B1448 /* User.swift */; };
		5072F30028534E77006B1448 /* AuthRequestFactory.swift in Sources */ = {isa = PBXBuildFile; fileRef = 5072F2FF28534E77006B1448 /* AuthRequestFactory.swift */; };
		5072F30228534EC6006B1448 /* Auth.swift in Sources */ = {isa = PBXBuildFile; fileRef = 5072F30128534EC6006B1448 /* Auth.swift */; };
		5072F30428534F2A006B1448 /* RequestFactory.swift in Sources */ = {isa = PBXBuildFile; fileRef = 5072F30328534F2A006B1448 /* RequestFactory.swift */; };
		5072F30628534F57006B1448 /* ChangeUserDataRequestFactory.swift in Sources */ = {isa = PBXBuildFile; fileRef = 5072F30528534F57006B1448 /* ChangeUserDataRequestFactory.swift */; };
		5072F30828534F7C006B1448 /* LogOutRequestFactory.swift in Sources */ = {isa = PBXBuildFile; fileRef = 5072F30728534F7C006B1448 /* LogOutRequestFactory.swift */; };
		5072F30A28534F9B006B1448 /* RegistrationRequestFactory.swift in Sources */ = {isa = PBXBuildFile; fileRef = 5072F30928534F9B006B1448 /* RegistrationRequestFactory.swift */; };
		5072F30E28535073006B1448 /* DefaultResponseResult.swift in Sources */ = {isa = PBXBuildFile; fileRef = 5072F30D28535073006B1448 /* DefaultResponseResult.swift */; };
		5072F31028535093006B1448 /* RegistrationResult.swift in Sources */ = {isa = PBXBuildFile; fileRef = 5072F30F28535093006B1448 /* RegistrationResult.swift */; };
		50B2791F286EAB3900DC0F8D /* AuthTests.swift in Sources */ = {isa = PBXBuildFile; fileRef = 50B2791E286EAB3900DC0F8D /* AuthTests.swift */; };
		50B27921286EADFD00DC0F8D /* Popular.swift in Sources */ = {isa = PBXBuildFile; fileRef = 50B27920286EADFD00DC0F8D /* Popular.swift */; };
		50B27923286EAE1900DC0F8D /* CatalogPopular.swift in Sources */ = {isa = PBXBuildFile; fileRef = 50B27922286EAE1900DC0F8D /* CatalogPopular.swift */; };
		50B27925286EAE9300DC0F8D /* CatalogRequestFactory.swift in Sources */ = {isa = PBXBuildFile; fileRef = 50B27924286EAE9300DC0F8D /* CatalogRequestFactory.swift */; };
		50B27927286EAEC400DC0F8D /* PopularRequestFactory.swift in Sources */ = {isa = PBXBuildFile; fileRef = 50B27926286EAEC400DC0F8D /* PopularRequestFactory.swift */; };
		50B27929286EAF5100DC0F8D /* Populars.swift in Sources */ = {isa = PBXBuildFile; fileRef = 50B27928286EAF5100DC0F8D /* Populars.swift */; };
		50B2792B286EB09E00DC0F8D /* PopularsTests.swift in Sources */ = {isa = PBXBuildFile; fileRef = 50B2792A286EB09E00DC0F8D /* PopularsTests.swift */; };
		50EEF8792877FBFE00A32945 /* Comment.swift in Sources */ = {isa = PBXBuildFile; fileRef = 50EEF8782877FBFE00A32945 /* Comment.swift */; };
		50EEF87B2877FC1A00A32945 /* Comments.swift in Sources */ = {isa = PBXBuildFile; fileRef = 50EEF87A2877FC1A00A32945 /* Comments.swift */; };
		50EEF87D2877FC5B00A32945 /* ReviewAddRequestFactory.swift in Sources */ = {isa = PBXBuildFile; fileRef = 50EEF87C2877FC5B00A32945 /* ReviewAddRequestFactory.swift */; };
		50EEF87F2877FC8100A32945 /* ReviewRemoveRequestFactory.swift in Sources */ = {isa = PBXBuildFile; fileRef = 50EEF87E2877FC8100A32945 /* ReviewRemoveRequestFactory.swift */; };
		50EEF8812877FCA100A32945 /* ReviewsRequestFactory.swift in Sources */ = {isa = PBXBuildFile; fileRef = 50EEF8802877FCA100A32945 /* ReviewsRequestFactory.swift */; };
		50EEF8832877FCF600A32945 /* Review.swift in Sources */ = {isa = PBXBuildFile; fileRef = 50EEF8822877FCF600A32945 /* Review.swift */; };
		50EEF8882877FD8800A32945 /* ReviewTests.swift in Sources */ = {isa = PBXBuildFile; fileRef = 50EEF8872877FD8800A32945 /* ReviewTests.swift */; };
/* End PBXBuildFile section */

/* Begin PBXContainerItemProxy section */
		5072F2C82850C5F2006B1448 /* PBXContainerItemProxy */ = {
			isa = PBXContainerItemProxy;
			containerPortal = 5072F2A92850C5EE006B1448 /* Project object */;
			proxyType = 1;
			remoteGlobalIDString = 5072F2B02850C5EE006B1448;
			remoteInfo = GBShop;
		};
		5072F2D22850C5F2006B1448 /* PBXContainerItemProxy */ = {
			isa = PBXContainerItemProxy;
			containerPortal = 5072F2A92850C5EE006B1448 /* Project object */;
			proxyType = 1;
			remoteGlobalIDString = 5072F2B02850C5EE006B1448;
			remoteInfo = GBShop;
		};
/* End PBXContainerItemProxy section */

/* Begin PBXFileReference section */
		5072F2B12850C5EE006B1448 /* GBShop.app */ = {isa = PBXFileReference; explicitFileType = wrapper.application; includeInIndex = 0; path = GBShop.app; sourceTree = BUILT_PRODUCTS_DIR; };
		5072F2B42850C5EE006B1448 /* AppDelegate.swift */ = {isa = PBXFileReference; lastKnownFileType = sourcecode.swift; path = AppDelegate.swift; sourceTree = "<group>"; };
		5072F2B62850C5EE006B1448 /* SceneDelegate.swift */ = {isa = PBXFileReference; lastKnownFileType = sourcecode.swift; path = SceneDelegate.swift; sourceTree = "<group>"; };
		5072F2BD2850C5F2006B1448 /* Assets.xcassets */ = {isa = PBXFileReference; lastKnownFileType = folder.assetcatalog; path = Assets.xcassets; sourceTree = "<group>"; };
		5072F2C02850C5F2006B1448 /* Base */ = {isa = PBXFileReference; lastKnownFileType = file.storyboard; name = Base; path = Base.lproj/LaunchScreen.storyboard; sourceTree = "<group>"; };
		5072F2C22850C5F2006B1448 /* Info.plist */ = {isa = PBXFileReference; lastKnownFileType = text.plist.xml; path = Info.plist; sourceTree = "<group>"; };
		5072F2C72850C5F2006B1448 /* GBShopTests.xctest */ = {isa = PBXFileReference; explicitFileType = wrapper.cfbundle; includeInIndex = 0; path = GBShopTests.xctest; sourceTree = BUILT_PRODUCTS_DIR; };
		5072F2D12850C5F2006B1448 /* GBShopUITests.xctest */ = {isa = PBXFileReference; explicitFileType = wrapper.cfbundle; includeInIndex = 0; path = GBShopUITests.xctest; sourceTree = BUILT_PRODUCTS_DIR; };
		5072F2D52850C5F2006B1448 /* GBShopUITests.swift */ = {isa = PBXFileReference; lastKnownFileType = sourcecode.swift; path = GBShopUITests.swift; sourceTree = "<group>"; };
		5072F2D72850C5F2006B1448 /* GBShopUITestsLaunchTests.swift */ = {isa = PBXFileReference; lastKnownFileType = sourcecode.swift; path = GBShopUITestsLaunchTests.swift; sourceTree = "<group>"; };
		5072F2ED285346AC006B1448 /* AbstractErrorParser.swift */ = {isa = PBXFileReference; lastKnownFileType = sourcecode.swift; path = AbstractErrorParser.swift; sourceTree = "<group>"; };
		5072F2F228534852006B1448 /* DataRequest.swift */ = {isa = PBXFileReference; lastKnownFileType = sourcecode.swift; path = DataRequest.swift; sourceTree = "<group>"; };
		5072F2F428534A2F006B1448 /* AbstractRequestFactory.swift */ = {isa = PBXFileReference; lastKnownFileType = sourcecode.swift; path = AbstractRequestFactory.swift; sourceTree = "<group>"; };
		5072F2F628534BD7006B1448 /* ErrorParser.swift */ = {isa = PBXFileReference; lastKnownFileType = sourcecode.swift; path = ErrorParser.swift; sourceTree = "<group>"; };
		5072F2F828534CD2006B1448 /* RequestRouter.swift */ = {isa = PBXFileReference; lastKnownFileType = sourcecode.swift; path = RequestRouter.swift; sourceTree = "<group>"; };
		5072F2FA28534DBD006B1448 /* LoginResult.swift */ = {isa = PBXFileReference; lastKnownFileType = sourcecode.swift; path = LoginResult.swift; sourceTree = "<group>"; };
		5072F2FC28534DCE006B1448 /* User.swift */ = {isa = PBXFileReference; lastKnownFileType = sourcecode.swift; path = User.swift; sourceTree = "<group>"; };
		5072F2FF28534E77006B1448 /* AuthRequestFactory.swift */ = {isa = PBXFileReference; lastKnownFileType = sourcecode.swift; path = AuthRequestFactory.swift; sourceTree = "<group>"; };
		5072F30128534EC6006B1448 /* Auth.swift */ = {isa = PBXFileReference; lastKnownFileType = sourcecode.swift; path = Auth.swift; sourceTree = "<group>"; };
		5072F30328534F2A006B1448 /* RequestFactory.swift */ = {isa = PBXFileReference; lastKnownFileType = sourcecode.swift; path = RequestFactory.swift; sourceTree = "<group>"; };
		5072F30528534F57006B1448 /* ChangeUserDataRequestFactory.swift */ = {isa = PBXFileReference; lastKnownFileType = sourcecode.swift; path = ChangeUserDataRequestFactory.swift; sourceTree = "<group>"; };
		5072F30728534F7C006B1448 /* LogOutRequestFactory.swift */ = {isa = PBXFileReference; lastKnownFileType = sourcecode.swift; path = LogOutRequestFactory.swift; sourceTree = "<group>"; };
		5072F30928534F9B006B1448 /* RegistrationRequestFactory.swift */ = {isa = PBXFileReference; lastKnownFileType = sourcecode.swift; path = RegistrationRequestFactory.swift; sourceTree = "<group>"; };
		5072F30D28535073006B1448 /* DefaultResponseResult.swift */ = {isa = PBXFileReference; lastKnownFileType = sourcecode.swift; path = DefaultResponseResult.swift; sourceTree = "<group>"; };
		5072F30F28535093006B1448 /* RegistrationResult.swift */ = {isa = PBXFileReference; lastKnownFileType = sourcecode.swift; path = RegistrationResult.swift; sourceTree = "<group>"; };
		50B2791E286EAB3900DC0F8D /* AuthTests.swift */ = {isa = PBXFileReference; lastKnownFileType = sourcecode.swift; path = AuthTests.swift; sourceTree = "<group>"; };
		50B27920286EADFD00DC0F8D /* Popular.swift */ = {isa = PBXFileReference; lastKnownFileType = sourcecode.swift; path = Popular.swift; sourceTree = "<group>"; };
		50B27922286EAE1900DC0F8D /* CatalogPopular.swift */ = {isa = PBXFileReference; lastKnownFileType = sourcecode.swift; path = CatalogPopular.swift; sourceTree = "<group>"; };
		50B27924286EAE9300DC0F8D /* CatalogRequestFactory.swift */ = {isa = PBXFileReference; lastKnownFileType = sourcecode.swift; path = CatalogRequestFactory.swift; sourceTree = "<group>"; };
		50B27926286EAEC400DC0F8D /* PopularRequestFactory.swift */ = {isa = PBXFileReference; lastKnownFileType = sourcecode.swift; path = PopularRequestFactory.swift; sourceTree = "<group>"; };
		50B27928286EAF5100DC0F8D /* Populars.swift */ = {isa = PBXFileReference; lastKnownFileType = sourcecode.swift; path = Populars.swift; sourceTree = "<group>"; };
		50B2792A286EB09E00DC0F8D /* PopularsTests.swift */ = {isa = PBXFileReference; lastKnownFileType = sourcecode.swift; path = PopularsTests.swift; sourceTree = "<group>"; };
		50EEF8782877FBFE00A32945 /* Comment.swift */ = {isa = PBXFileReference; lastKnownFileType = sourcecode.swift; path = Comment.swift; sourceTree = "<group>"; };
		50EEF87A2877FC1A00A32945 /* Comments.swift */ = {isa = PBXFileReference; lastKnownFileType = sourcecode.swift; path = Comments.swift; sourceTree = "<group>"; };
		50EEF87C2877FC5B00A32945 /* ReviewAddRequestFactory.swift */ = {isa = PBXFileReference; lastKnownFileType = sourcecode.swift; path = ReviewAddRequestFactory.swift; sourceTree = "<group>"; };
		50EEF87E2877FC8100A32945 /* ReviewRemoveRequestFactory.swift */ = {isa = PBXFileReference; lastKnownFileType = sourcecode.swift; path = ReviewRemoveRequestFactory.swift; sourceTree = "<group>"; };
		50EEF8802877FCA100A32945 /* ReviewsRequestFactory.swift */ = {isa = PBXFileReference; lastKnownFileType = sourcecode.swift; path = ReviewsRequestFactory.swift; sourceTree = "<group>"; };
		50EEF8822877FCF600A32945 /* Review.swift */ = {isa = PBXFileReference; lastKnownFileType = sourcecode.swift; path = Review.swift; sourceTree = "<group>"; };
		50EEF8872877FD8800A32945 /* ReviewTests.swift */ = {isa = PBXFileReference; lastKnownFileType = sourcecode.swift; path = ReviewTests.swift; sourceTree = "<group>"; };
/* End PBXFileReference section */

/* Begin PBXFrameworksBuildPhase section */
		5072F2AE2850C5EE006B1448 /* Frameworks */ = {
			isa = PBXFrameworksBuildPhase;
			buildActionMask = 2147483647;
			files = (
				5072F2F12853480C006B1448 /* Alamofire in Frameworks */,
			);
			runOnlyForDeploymentPostprocessing = 0;
		};
		5072F2C42850C5F2006B1448 /* Frameworks */ = {
			isa = PBXFrameworksBuildPhase;
			buildActionMask = 2147483647;
			files = (
			);
			runOnlyForDeploymentPostprocessing = 0;
		};
		5072F2CE2850C5F2006B1448 /* Frameworks */ = {
			isa = PBXFrameworksBuildPhase;
			buildActionMask = 2147483647;
			files = (
			);
			runOnlyForDeploymentPostprocessing = 0;
		};
/* End PBXFrameworksBuildPhase section */

/* Begin PBXGroup section */
		5072F2A82850C5EE006B1448 = {
			isa = PBXGroup;
			children = (
				5072F2B32850C5EE006B1448 /* GBShop */,
				5072F2CA2850C5F2006B1448 /* GBShopTests */,
				5072F2D42850C5F2006B1448 /* GBShopUITests */,
				5072F2B22850C5EE006B1448 /* Products */,
			);
			sourceTree = "<group>";
		};
		5072F2B22850C5EE006B1448 /* Products */ = {
			isa = PBXGroup;
			children = (
				5072F2B12850C5EE006B1448 /* GBShop.app */,
				5072F2C72850C5F2006B1448 /* GBShopTests.xctest */,
				5072F2D12850C5F2006B1448 /* GBShopUITests.xctest */,
			);
			name = Products;
			sourceTree = "<group>";
		};
		5072F2B32850C5EE006B1448 /* GBShop */ = {
			isa = PBXGroup;
			children = (
				5072F2E42850CA3C006B1448 /* App */,
				5072F2E92850CA83006B1448 /* Core */,
				5072F2EA2850CA8E006B1448 /* Resources */,
				5072F2EB2850CA95006B1448 /* Environments */,
				5072F2B42850C5EE006B1448 /* AppDelegate.swift */,
				5072F2B62850C5EE006B1448 /* SceneDelegate.swift */,
			);
			path = GBShop;
			sourceTree = "<group>";
		};
		5072F2CA2850C5F2006B1448 /* GBShopTests */ = {
			isa = PBXGroup;
			children = (
				50B2791E286EAB3900DC0F8D /* AuthTests.swift */,
				50B2792A286EB09E00DC0F8D /* PopularsTests.swift */,
				50EEF8872877FD8800A32945 /* ReviewTests.swift */,
			);
			path = GBShopTests;
			sourceTree = "<group>";
		};
		5072F2D42850C5F2006B1448 /* GBShopUITests */ = {
			isa = PBXGroup;
			children = (
				5072F2D52850C5F2006B1448 /* GBShopUITests.swift */,
				5072F2D72850C5F2006B1448 /* GBShopUITestsLaunchTests.swift */,
			);
			path = GBShopUITests;
			sourceTree = "<group>";
		};
		5072F2E42850CA3C006B1448 /* App */ = {
			isa = PBXGroup;
			children = (
				5072F2E52850CA45006B1448 /* BusinessLogic */,
				5072F2E62850CA4D006B1448 /* Entity */,
				5072F2E72850CA57006B1448 /* Assembly */,
				5072F2E82850CA60006B1448 /* Flows */,
			);
			path = App;
			sourceTree = "<group>";
		};
		5072F2E52850CA45006B1448 /* BusinessLogic */ = {
			isa = PBXGroup;
			children = (
				5072F2FE28534E69006B1448 /* Network */,
			);
			path = BusinessLogic;
			sourceTree = "<group>";
		};
		5072F2E62850CA4D006B1448 /* Entity */ = {
			isa = PBXGroup;
			children = (
				5072F2FA28534DBD006B1448 /* LoginResult.swift */,
				5072F2FC28534DCE006B1448 /* User.swift */,
				5072F30D28535073006B1448 /* DefaultResponseResult.swift */,
				5072F30F28535093006B1448 /* RegistrationResult.swift */,
				50B27920286EADFD00DC0F8D /* Popular.swift */,
				50B27922286EAE1900DC0F8D /* CatalogPopular.swift */,
				50EEF8782877FBFE00A32945 /* Comment.swift */,
				50EEF87A2877FC1A00A32945 /* Comments.swift */,
			);
			path = Entity;
			sourceTree = "<group>";
		};
		5072F2E72850CA57006B1448 /* Assembly */ = {
			isa = PBXGroup;
			children = (
			);
			path = Assembly;
			sourceTree = "<group>";
		};
		5072F2E82850CA60006B1448 /* Flows */ = {
			isa = PBXGroup;
			children = (
			);
			path = Flows;
			sourceTree = "<group>";
		};
		5072F2E92850CA83006B1448 /* Core */ = {
			isa = PBXGroup;
			children = (
				5072F2EC2853466A006B1448 /* Network */,
			);
			path = Core;
			sourceTree = "<group>";
		};
		5072F2EA2850CA8E006B1448 /* Resources */ = {
			isa = PBXGroup;
			children = (
				5072F2BF2850C5F2006B1448 /* LaunchScreen.storyboard */,
				5072F2BD2850C5F2006B1448 /* Assets.xcassets */,
			);
			path = Resources;
			sourceTree = "<group>";
		};
		5072F2EB2850CA95006B1448 /* Environments */ = {
			isa = PBXGroup;
			children = (
				5072F2C22850C5F2006B1448 /* Info.plist */,
			);
			path = Environments;
			sourceTree = "<group>";
		};
		5072F2EC2853466A006B1448 /* Network */ = {
			isa = PBXGroup;
			children = (
				5072F2ED285346AC006B1448 /* AbstractErrorParser.swift */,
				5072F2F228534852006B1448 /* DataRequest.swift */,
				5072F2F428534A2F006B1448 /* AbstractRequestFactory.swift */,
				5072F2F628534BD7006B1448 /* ErrorParser.swift */,
				5072F2F828534CD2006B1448 /* RequestRouter.swift */,
			);
			path = Network;
			sourceTree = "<group>";
		};
		5072F2FE28534E69006B1448 /* Network */ = {
			isa = PBXGroup;
			children = (
				5072F30C28534FC5006B1448 /* Factory */,
				5072F30128534EC6006B1448 /* Auth.swift */,
				50B27928286EAF5100DC0F8D /* Populars.swift */,
				50EEF8822877FCF600A32945 /* Review.swift */,
			);
			path = Network;
			sourceTree = "<group>";
		};
		5072F30C28534FC5006B1448 /* Factory */ = {
			isa = PBXGroup;
			children = (
				5072F2FF28534E77006B1448 /* AuthRequestFactory.swift */,
				5072F30328534F2A006B1448 /* RequestFactory.swift */,
				5072F30528534F57006B1448 /* ChangeUserDataRequestFactory.swift */,
				5072F30728534F7C006B1448 /* LogOutRequestFactory.swift */,
				5072F30928534F9B006B1448 /* RegistrationRequestFactory.swift */,
				50B27924286EAE9300DC0F8D /* CatalogRequestFactory.swift */,
				50B27926286EAEC400DC0F8D /* PopularRequestFactory.swift */,
				50EEF87C2877FC5B00A32945 /* ReviewAddRequestFactory.swift */,
				50EEF87E2877FC8100A32945 /* ReviewRemoveRequestFactory.swift */,
				50EEF8802877FCA100A32945 /* ReviewsRequestFactory.swift */,
			);
			path = Factory;
			sourceTree = "<group>";
		};
/* End PBXGroup section */

/* Begin PBXNativeTarget section */
		5072F2B02850C5EE006B1448 /* GBShop */ = {
			isa = PBXNativeTarget;
			buildConfigurationList = 5072F2DB2850C5F2006B1448 /* Build configuration list for PBXNativeTarget "GBShop" */;
			buildPhases = (
				5072F2AD2850C5EE006B1448 /* Sources */,
				5072F2AE2850C5EE006B1448 /* Frameworks */,
				5072F2AF2850C5EE006B1448 /* Resources */,
			);
			buildRules = (
			);
			dependencies = (
			);
			name = GBShop;
			packageProductDependencies = (
				5072F2F02853480C006B1448 /* Alamofire */,
			);
			productName = GBShop;
			productReference = 5072F2B12850C5EE006B1448 /* GBShop.app */;
			productType = "com.apple.product-type.application";
		};
		5072F2C62850C5F2006B1448 /* GBShopTests */ = {
			isa = PBXNativeTarget;
			buildConfigurationList = 5072F2DE2850C5F2006B1448 /* Build configuration list for PBXNativeTarget "GBShopTests" */;
			buildPhases = (
				5072F2C32850C5F2006B1448 /* Sources */,
				5072F2C42850C5F2006B1448 /* Frameworks */,
				5072F2C52850C5F2006B1448 /* Resources */,
			);
			buildRules = (
			);
			dependencies = (
				5072F2C92850C5F2006B1448 /* PBXTargetDependency */,
			);
			name = GBShopTests;
			productName = GBShopTests;
			productReference = 5072F2C72850C5F2006B1448 /* GBShopTests.xctest */;
			productType = "com.apple.product-type.bundle.unit-test";
		};
		5072F2D02850C5F2006B1448 /* GBShopUITests */ = {
			isa = PBXNativeTarget;
			buildConfigurationList = 5072F2E12850C5F2006B1448 /* Build configuration list for PBXNativeTarget "GBShopUITests" */;
			buildPhases = (
				5072F2CD2850C5F2006B1448 /* Sources */,
				5072F2CE2850C5F2006B1448 /* Frameworks */,
				5072F2CF2850C5F2006B1448 /* Resources */,
			);
			buildRules = (
			);
			dependencies = (
				5072F2D32850C5F2006B1448 /* PBXTargetDependency */,
			);
			name = GBShopUITests;
			productName = GBShopUITests;
			productReference = 5072F2D12850C5F2006B1448 /* GBShopUITests.xctest */;
			productType = "com.apple.product-type.bundle.ui-testing";
		};
/* End PBXNativeTarget section */

/* Begin PBXProject section */
		5072F2A92850C5EE006B1448 /* Project object */ = {
			isa = PBXProject;
			attributes = {
				BuildIndependentTargetsInParallel = 1;
				LastSwiftUpdateCheck = 1330;
				LastUpgradeCheck = 1330;
				TargetAttributes = {
					5072F2B02850C5EE006B1448 = {
						CreatedOnToolsVersion = 13.3;
					};
					5072F2C62850C5F2006B1448 = {
						CreatedOnToolsVersion = 13.3;
						LastSwiftMigration = 1330;
						TestTargetID = 5072F2B02850C5EE006B1448;
					};
					5072F2D02850C5F2006B1448 = {
						CreatedOnToolsVersion = 13.3;
						TestTargetID = 5072F2B02850C5EE006B1448;
					};
				};
			};
			buildConfigurationList = 5072F2AC2850C5EE006B1448 /* Build configuration list for PBXProject "GBShop" */;
			compatibilityVersion = "Xcode 13.0";
			developmentRegion = en;
			hasScannedForEncodings = 0;
			knownRegions = (
				en,
				Base,
			);
			mainGroup = 5072F2A82850C5EE006B1448;
			packageReferences = (
				5072F2EF2853480C006B1448 /* XCRemoteSwiftPackageReference "Alamofire" */,
			);
			productRefGroup = 5072F2B22850C5EE006B1448 /* Products */;
			projectDirPath = "";
			projectRoot = "";
			targets = (
				5072F2B02850C5EE006B1448 /* GBShop */,
				5072F2C62850C5F2006B1448 /* GBShopTests */,
				5072F2D02850C5F2006B1448 /* GBShopUITests */,
			);
		};
/* End PBXProject section */

/* Begin PBXResourcesBuildPhase section */
		5072F2AF2850C5EE006B1448 /* Resources */ = {
			isa = PBXResourcesBuildPhase;
			buildActionMask = 2147483647;
			files = (
				5072F2C12850C5F2006B1448 /* LaunchScreen.storyboard in Resources */,
				5072F2BE2850C5F2006B1448 /* Assets.xcassets in Resources */,
			);
			runOnlyForDeploymentPostprocessing = 0;
		};
		5072F2C52850C5F2006B1448 /* Resources */ = {
			isa = PBXResourcesBuildPhase;
			buildActionMask = 2147483647;
			files = (
			);
			runOnlyForDeploymentPostprocessing = 0;
		};
		5072F2CF2850C5F2006B1448 /* Resources */ = {
			isa = PBXResourcesBuildPhase;
			buildActionMask = 2147483647;
			files = (
			);
			runOnlyForDeploymentPostprocessing = 0;
		};
/* End PBXResourcesBuildPhase section */

/* Begin PBXSourcesBuildPhase section */
		5072F2AD2850C5EE006B1448 /* Sources */ = {
			isa = PBXSourcesBuildPhase;
			buildActionMask = 2147483647;
			files = (
				5072F30628534F57006B1448 /* ChangeUserDataRequestFactory.swift in Sources */,
				50EEF8792877FBFE00A32945 /* Comment.swift in Sources */,
				5072F30428534F2A006B1448 /* RequestFactory.swift in Sources */,
				50B27927286EAEC400DC0F8D /* PopularRequestFactory.swift in Sources */,
				50EEF87F2877FC8100A32945 /* ReviewRemoveRequestFactory.swift in Sources */,
				5072F2F528534A2F006B1448 /* AbstractRequestFactory.swift in Sources */,
				5072F31028535093006B1448 /* RegistrationResult.swift in Sources */,
				5072F2F728534BD7006B1448 /* ErrorParser.swift in Sources */,
				50B27921286EADFD00DC0F8D /* Popular.swift in Sources */,
				50EEF8832877FCF600A32945 /* Review.swift in Sources */,
				5072F30828534F7C006B1448 /* LogOutRequestFactory.swift in Sources */,
				5072F30028534E77006B1448 /* AuthRequestFactory.swift in Sources */,
				5072F2F928534CD2006B1448 /* RequestRouter.swift in Sources */,
				5072F2EE285346AC006B1448 /* AbstractErrorParser.swift in Sources */,
				50B27929286EAF5100DC0F8D /* Populars.swift in Sources */,
				5072F2FB28534DBD006B1448 /* LoginResult.swift in Sources */,
				50B27923286EAE1900DC0F8D /* CatalogPopular.swift in Sources */,
				50EEF87D2877FC5B00A32945 /* ReviewAddRequestFactory.swift in Sources */,
				5072F30E28535073006B1448 /* DefaultResponseResult.swift in Sources */,
				50EEF8812877FCA100A32945 /* ReviewsRequestFactory.swift in Sources */,
				5072F30228534EC6006B1448 /* Auth.swift in Sources */,
				50B27925286EAE9300DC0F8D /* CatalogRequestFactory.swift in Sources */,
				5072F30A28534F9B006B1448 /* RegistrationRequestFactory.swift in Sources */,
				5072F2FD28534DCE006B1448 /* User.swift in Sources */,
				5072F2B52850C5EE006B1448 /* AppDelegate.swift in Sources */,
				5072F2B72850C5EE006B1448 /* SceneDelegate.swift in Sources */,
				5072F2F328534852006B1448 /* DataRequest.swift in Sources */,
				50EEF87B2877FC1A00A32945 /* Comments.swift in Sources */,
			);
			runOnlyForDeploymentPostprocessing = 0;
		};
		5072F2C32850C5F2006B1448 /* Sources */ = {
			isa = PBXSourcesBuildPhase;
			buildActionMask = 2147483647;
			files = (
				50B2791F286EAB3900DC0F8D /* AuthTests.swift in Sources */,
				50B2792B286EB09E00DC0F8D /* PopularsTests.swift in Sources */,
				50EEF8882877FD8800A32945 /* ReviewTests.swift in Sources */,
			);
			runOnlyForDeploymentPostprocessing = 0;
		};
		5072F2CD2850C5F2006B1448 /* Sources */ = {
			isa = PBXSourcesBuildPhase;
			buildActionMask = 2147483647;
			files = (
				5072F2D62850C5F2006B1448 /* GBShopUITests.swift in Sources */,
				5072F2D82850C5F2006B1448 /* GBShopUITestsLaunchTests.swift in Sources */,
			);
			runOnlyForDeploymentPostprocessing = 0;
		};
/* End PBXSourcesBuildPhase section */

/* Begin PBXTargetDependency section */
		5072F2C92850C5F2006B1448 /* PBXTargetDependency */ = {
			isa = PBXTargetDependency;
			target = 5072F2B02850C5EE006B1448 /* GBShop */;
			targetProxy = 5072F2C82850C5F2006B1448 /* PBXContainerItemProxy */;
		};
		5072F2D32850C5F2006B1448 /* PBXTargetDependency */ = {
			isa = PBXTargetDependency;
			target = 5072F2B02850C5EE006B1448 /* GBShop */;
			targetProxy = 5072F2D22850C5F2006B1448 /* PBXContainerItemProxy */;
		};
/* End PBXTargetDependency section */

/* Begin PBXVariantGroup section */
		5072F2BF2850C5F2006B1448 /* LaunchScreen.storyboard */ = {
			isa = PBXVariantGroup;
			children = (
				5072F2C02850C5F2006B1448 /* Base */,
			);
			name = LaunchScreen.storyboard;
			sourceTree = "<group>";
		};
/* End PBXVariantGroup section */

/* Begin XCBuildConfiguration section */
		5072F2D92850C5F2006B1448 /* Debug */ = {
			isa = XCBuildConfiguration;
			buildSettings = {
				ALWAYS_SEARCH_USER_PATHS = NO;
				CLANG_ANALYZER_NONNULL = YES;
				CLANG_ANALYZER_NUMBER_OBJECT_CONVERSION = YES_AGGRESSIVE;
				CLANG_CXX_LANGUAGE_STANDARD = "gnu++17";
				CLANG_ENABLE_MODULES = YES;
				CLANG_ENABLE_OBJC_ARC = YES;
				CLANG_ENABLE_OBJC_WEAK = YES;
				CLANG_WARN_BLOCK_CAPTURE_AUTORELEASING = YES;
				CLANG_WARN_BOOL_CONVERSION = YES;
				CLANG_WARN_COMMA = YES;
				CLANG_WARN_CONSTANT_CONVERSION = YES;
				CLANG_WARN_DEPRECATED_OBJC_IMPLEMENTATIONS = YES;
				CLANG_WARN_DIRECT_OBJC_ISA_USAGE = YES_ERROR;
				CLANG_WARN_DOCUMENTATION_COMMENTS = YES;
				CLANG_WARN_EMPTY_BODY = YES;
				CLANG_WARN_ENUM_CONVERSION = YES;
				CLANG_WARN_INFINITE_RECURSION = YES;
				CLANG_WARN_INT_CONVERSION = YES;
				CLANG_WARN_NON_LITERAL_NULL_CONVERSION = YES;
				CLANG_WARN_OBJC_IMPLICIT_RETAIN_SELF = YES;
				CLANG_WARN_OBJC_LITERAL_CONVERSION = YES;
				CLANG_WARN_OBJC_ROOT_CLASS = YES_ERROR;
				CLANG_WARN_QUOTED_INCLUDE_IN_FRAMEWORK_HEADER = YES;
				CLANG_WARN_RANGE_LOOP_ANALYSIS = YES;
				CLANG_WARN_STRICT_PROTOTYPES = YES;
				CLANG_WARN_SUSPICIOUS_MOVE = YES;
				CLANG_WARN_UNGUARDED_AVAILABILITY = YES_AGGRESSIVE;
				CLANG_WARN_UNREACHABLE_CODE = YES;
				CLANG_WARN__DUPLICATE_METHOD_MATCH = YES;
				COPY_PHASE_STRIP = NO;
				DEBUG_INFORMATION_FORMAT = dwarf;
				ENABLE_STRICT_OBJC_MSGSEND = YES;
				ENABLE_TESTABILITY = YES;
				GCC_C_LANGUAGE_STANDARD = gnu11;
				GCC_DYNAMIC_NO_PIC = NO;
				GCC_NO_COMMON_BLOCKS = YES;
				GCC_OPTIMIZATION_LEVEL = 0;
				GCC_PREPROCESSOR_DEFINITIONS = (
					"DEBUG=1",
					"$(inherited)",
				);
				GCC_WARN_64_TO_32_BIT_CONVERSION = YES;
				GCC_WARN_ABOUT_RETURN_TYPE = YES_ERROR;
				GCC_WARN_UNDECLARED_SELECTOR = YES;
				GCC_WARN_UNINITIALIZED_AUTOS = YES_AGGRESSIVE;
				GCC_WARN_UNUSED_FUNCTION = YES;
				GCC_WARN_UNUSED_VARIABLE = YES;
				IPHONEOS_DEPLOYMENT_TARGET = 15.4;
				MTL_ENABLE_DEBUG_INFO = INCLUDE_SOURCE;
				MTL_FAST_MATH = YES;
				ONLY_ACTIVE_ARCH = YES;
				SDKROOT = iphoneos;
				SWIFT_ACTIVE_COMPILATION_CONDITIONS = DEBUG;
				SWIFT_OPTIMIZATION_LEVEL = "-Onone";
			};
			name = Debug;
		};
		5072F2DA2850C5F2006B1448 /* Release */ = {
			isa = XCBuildConfiguration;
			buildSettings = {
				ALWAYS_SEARCH_USER_PATHS = NO;
				CLANG_ANALYZER_NONNULL = YES;
				CLANG_ANALYZER_NUMBER_OBJECT_CONVERSION = YES_AGGRESSIVE;
				CLANG_CXX_LANGUAGE_STANDARD = "gnu++17";
				CLANG_ENABLE_MODULES = YES;
				CLANG_ENABLE_OBJC_ARC = YES;
				CLANG_ENABLE_OBJC_WEAK = YES;
				CLANG_WARN_BLOCK_CAPTURE_AUTORELEASING = YES;
				CLANG_WARN_BOOL_CONVERSION = YES;
				CLANG_WARN_COMMA = YES;
				CLANG_WARN_CONSTANT_CONVERSION = YES;
				CLANG_WARN_DEPRECATED_OBJC_IMPLEMENTATIONS = YES;
				CLANG_WARN_DIRECT_OBJC_ISA_USAGE = YES_ERROR;
				CLANG_WARN_DOCUMENTATION_COMMENTS = YES;
				CLANG_WARN_EMPTY_BODY = YES;
				CLANG_WARN_ENUM_CONVERSION = YES;
				CLANG_WARN_INFINITE_RECURSION = YES;
				CLANG_WARN_INT_CONVERSION = YES;
				CLANG_WARN_NON_LITERAL_NULL_CONVERSION = YES;
				CLANG_WARN_OBJC_IMPLICIT_RETAIN_SELF = YES;
				CLANG_WARN_OBJC_LITERAL_CONVERSION = YES;
				CLANG_WARN_OBJC_ROOT_CLASS = YES_ERROR;
				CLANG_WARN_QUOTED_INCLUDE_IN_FRAMEWORK_HEADER = YES;
				CLANG_WARN_RANGE_LOOP_ANALYSIS = YES;
				CLANG_WARN_STRICT_PROTOTYPES = YES;
				CLANG_WARN_SUSPICIOUS_MOVE = YES;
				CLANG_WARN_UNGUARDED_AVAILABILITY = YES_AGGRESSIVE;
				CLANG_WARN_UNREACHABLE_CODE = YES;
				CLANG_WARN__DUPLICATE_METHOD_MATCH = YES;
				COPY_PHASE_STRIP = NO;
				DEBUG_INFORMATION_FORMAT = "dwarf-with-dsym";
				ENABLE_NS_ASSERTIONS = NO;
				ENABLE_STRICT_OBJC_MSGSEND = YES;
				GCC_C_LANGUAGE_STANDARD = gnu11;
				GCC_NO_COMMON_BLOCKS = YES;
				GCC_WARN_64_TO_32_BIT_CONVERSION = YES;
				GCC_WARN_ABOUT_RETURN_TYPE = YES_ERROR;
				GCC_WARN_UNDECLARED_SELECTOR = YES;
				GCC_WARN_UNINITIALIZED_AUTOS = YES_AGGRESSIVE;
				GCC_WARN_UNUSED_FUNCTION = YES;
				GCC_WARN_UNUSED_VARIABLE = YES;
				IPHONEOS_DEPLOYMENT_TARGET = 15.4;
				MTL_ENABLE_DEBUG_INFO = NO;
				MTL_FAST_MATH = YES;
				SDKROOT = iphoneos;
				SWIFT_COMPILATION_MODE = wholemodule;
				SWIFT_OPTIMIZATION_LEVEL = "-O";
				VALIDATE_PRODUCT = YES;
			};
			name = Release;
		};
		5072F2DC2850C5F2006B1448 /* Debug */ = {
			isa = XCBuildConfiguration;
			buildSettings = {
				ASSETCATALOG_COMPILER_APPICON_NAME = AppIcon;
				ASSETCATALOG_COMPILER_GLOBAL_ACCENT_COLOR_NAME = AccentColor;
				CODE_SIGN_STYLE = Automatic;
				CURRENT_PROJECT_VERSION = 1;
				DEVELOPMENT_TEAM = BB9VRGTTUK;
				GENERATE_INFOPLIST_FILE = YES;
				INFOPLIST_FILE = GBShop/Environments/Info.plist;
				INFOPLIST_KEY_UIApplicationSupportsIndirectInputEvents = YES;
				INFOPLIST_KEY_UILaunchStoryboardName = LaunchScreen;
				INFOPLIST_KEY_UISupportedInterfaceOrientations_iPad = "UIInterfaceOrientationPortrait UIInterfaceOrientationPortraitUpsideDown UIInterfaceOrientationLandscapeLeft UIInterfaceOrientationLandscapeRight";
				INFOPLIST_KEY_UISupportedInterfaceOrientations_iPhone = "UIInterfaceOrientationPortrait UIInterfaceOrientationLandscapeLeft UIInterfaceOrientationLandscapeRight";
				LD_RUNPATH_SEARCH_PATHS = (
					"$(inherited)",
					"@executable_path/Frameworks",
				);
				MARKETING_VERSION = 1.0;
				PRODUCT_BUNDLE_IDENTIFIER = com.gb.GBShopM.GBShop;
				PRODUCT_NAME = "$(TARGET_NAME)";
				SWIFT_EMIT_LOC_STRINGS = YES;
				SWIFT_VERSION = 5.0;
				TARGETED_DEVICE_FAMILY = "1,2";
			};
			name = Debug;
		};
		5072F2DD2850C5F2006B1448 /* Release */ = {
			isa = XCBuildConfiguration;
			buildSettings = {
				ASSETCATALOG_COMPILER_APPICON_NAME = AppIcon;
				ASSETCATALOG_COMPILER_GLOBAL_ACCENT_COLOR_NAME = AccentColor;
				CODE_SIGN_STYLE = Automatic;
				CURRENT_PROJECT_VERSION = 1;
				DEVELOPMENT_TEAM = BB9VRGTTUK;
				GENERATE_INFOPLIST_FILE = YES;
				INFOPLIST_FILE = GBShop/Environments/Info.plist;
				INFOPLIST_KEY_UIApplicationSupportsIndirectInputEvents = YES;
				INFOPLIST_KEY_UILaunchStoryboardName = LaunchScreen;
				INFOPLIST_KEY_UISupportedInterfaceOrientations_iPad = "UIInterfaceOrientationPortrait UIInterfaceOrientationPortraitUpsideDown UIInterfaceOrientationLandscapeLeft UIInterfaceOrientationLandscapeRight";
				INFOPLIST_KEY_UISupportedInterfaceOrientations_iPhone = "UIInterfaceOrientationPortrait UIInterfaceOrientationLandscapeLeft UIInterfaceOrientationLandscapeRight";
				LD_RUNPATH_SEARCH_PATHS = (
					"$(inherited)",
					"@executable_path/Frameworks",
				);
				MARKETING_VERSION = 1.0;
				PRODUCT_BUNDLE_IDENTIFIER = com.gb.GBShopM.GBShop;
				PRODUCT_NAME = "$(TARGET_NAME)";
				SWIFT_EMIT_LOC_STRINGS = YES;
				SWIFT_VERSION = 5.0;
				TARGETED_DEVICE_FAMILY = "1,2";
			};
			name = Release;
		};
		5072F2DF2850C5F2006B1448 /* Debug */ = {
			isa = XCBuildConfiguration;
			buildSettings = {
				ALWAYS_EMBED_SWIFT_STANDARD_LIBRARIES = YES;
				BUNDLE_LOADER = "$(TEST_HOST)";
				CLANG_ENABLE_MODULES = YES;
				CODE_SIGN_STYLE = Automatic;
				CURRENT_PROJECT_VERSION = 1;
				DEVELOPMENT_TEAM = BB9VRGTTUK;
				GENERATE_INFOPLIST_FILE = YES;
				IPHONEOS_DEPLOYMENT_TARGET = 15.4;
				LD_RUNPATH_SEARCH_PATHS = (
					"$(inherited)",
					"@executable_path/Frameworks",
					"@loader_path/Frameworks",
				);
				MARKETING_VERSION = 1.0;
				PRODUCT_BUNDLE_IDENTIFIER = com.gb.GBShopM.GBShopTests;
				PRODUCT_NAME = "$(TARGET_NAME)";
				SWIFT_EMIT_LOC_STRINGS = NO;
				SWIFT_OBJC_BRIDGING_HEADER = "GBShopTests/GBShopTests-Bridging-Header.h";
				SWIFT_OPTIMIZATION_LEVEL = "-Onone";
				SWIFT_VERSION = 5.0;
				TARGETED_DEVICE_FAMILY = "1,2";
				TEST_HOST = "$(BUILT_PRODUCTS_DIR)/GBShop.app/GBShop";
			};
			name = Debug;
		};
		5072F2E02850C5F2006B1448 /* Release */ = {
			isa = XCBuildConfiguration;
			buildSettings = {
				ALWAYS_EMBED_SWIFT_STANDARD_LIBRARIES = YES;
				BUNDLE_LOADER = "$(TEST_HOST)";
				CLANG_ENABLE_MODULES = YES;
				CODE_SIGN_STYLE = Automatic;
				CURRENT_PROJECT_VERSION = 1;
				DEVELOPMENT_TEAM = BB9VRGTTUK;
				GENERATE_INFOPLIST_FILE = YES;
				IPHONEOS_DEPLOYMENT_TARGET = 15.4;
				LD_RUNPATH_SEARCH_PATHS = (
					"$(inherited)",
					"@executable_path/Frameworks",
					"@loader_path/Frameworks",
				);
				MARKETING_VERSION = 1.0;
				PRODUCT_BUNDLE_IDENTIFIER = com.gb.GBShopM.GBShopTests;
				PRODUCT_NAME = "$(TARGET_NAME)";
				SWIFT_EMIT_LOC_STRINGS = NO;
				SWIFT_OBJC_BRIDGING_HEADER = "GBShopTests/GBShopTests-Bridging-Header.h";
				SWIFT_VERSION = 5.0;
				TARGETED_DEVICE_FAMILY = "1,2";
				TEST_HOST = "$(BUILT_PRODUCTS_DIR)/GBShop.app/GBShop";
			};
			name = Release;
		};
		5072F2E22850C5F2006B1448 /* Debug */ = {
			isa = XCBuildConfiguration;
			buildSettings = {
				ALWAYS_EMBED_SWIFT_STANDARD_LIBRARIES = YES;
				CODE_SIGN_STYLE = Automatic;
				CURRENT_PROJECT_VERSION = 1;
				DEVELOPMENT_TEAM = BB9VRGTTUK;
				GENERATE_INFOPLIST_FILE = YES;
				MARKETING_VERSION = 1.0;
				PRODUCT_BUNDLE_IDENTIFIER = com.gb.GBShopM.GBShopUITests;
				PRODUCT_NAME = "$(TARGET_NAME)";
				SWIFT_EMIT_LOC_STRINGS = NO;
				SWIFT_VERSION = 5.0;
				TARGETED_DEVICE_FAMILY = "1,2";
				TEST_TARGET_NAME = GBShop;
			};
			name = Debug;
		};
		5072F2E32850C5F2006B1448 /* Release */ = {
			isa = XCBuildConfiguration;
			buildSettings = {
				ALWAYS_EMBED_SWIFT_STANDARD_LIBRARIES = YES;
				CODE_SIGN_STYLE = Automatic;
				CURRENT_PROJECT_VERSION = 1;
				DEVELOPMENT_TEAM = BB9VRGTTUK;
				GENERATE_INFOPLIST_FILE = YES;
				MARKETING_VERSION = 1.0;
				PRODUCT_BUNDLE_IDENTIFIER = com.gb.GBShopM.GBShopUITests;
				PRODUCT_NAME = "$(TARGET_NAME)";
				SWIFT_EMIT_LOC_STRINGS = NO;
				SWIFT_VERSION = 5.0;
				TARGETED_DEVICE_FAMILY = "1,2";
				TEST_TARGET_NAME = GBShop;
			};
			name = Release;
		};
/* End XCBuildConfiguration section */

/* Begin XCConfigurationList section */
		5072F2AC2850C5EE006B1448 /* Build configuration list for PBXProject "GBShop" */ = {
			isa = XCConfigurationList;
			buildConfigurations = (
				5072F2D92850C5F2006B1448 /* Debug */,
				5072F2DA2850C5F2006B1448 /* Release */,
			);
			defaultConfigurationIsVisible = 0;
			defaultConfigurationName = Release;
		};
		5072F2DB2850C5F2006B1448 /* Build configuration list for PBXNativeTarget "GBShop" */ = {
			isa = XCConfigurationList;
			buildConfigurations = (
				5072F2DC2850C5F2006B1448 /* Debug */,
				5072F2DD2850C5F2006B1448 /* Release */,
			);
			defaultConfigurationIsVisible = 0;
			defaultConfigurationName = Release;
		};
		5072F2DE2850C5F2006B1448 /* Build configuration list for PBXNativeTarget "GBShopTests" */ = {
			isa = XCConfigurationList;
			buildConfigurations = (
				5072F2DF2850C5F2006B1448 /* Debug */,
				5072F2E02850C5F2006B1448 /* Release */,
			);
			defaultConfigurationIsVisible = 0;
			defaultConfigurationName = Release;
		};
		5072F2E12850C5F2006B1448 /* Build configuration list for PBXNativeTarget "GBShopUITests" */ = {
			isa = XCConfigurationList;
			buildConfigurations = (
				5072F2E22850C5F2006B1448 /* Debug */,
				5072F2E32850C5F2006B1448 /* Release */,
			);
			defaultConfigurationIsVisible = 0;
			defaultConfigurationName = Release;
		};
/* End XCConfigurationList section */

/* Begin XCRemoteSwiftPackageReference section */
		5072F2EF2853480C006B1448 /* XCRemoteSwiftPackageReference "Alamofire" */ = {
			isa = XCRemoteSwiftPackageReference;
			repositoryURL = "https://github.com/Alamofire/Alamofire";
			requirement = {
				branch = master;
				kind = branch;
			};
		};
/* End XCRemoteSwiftPackageReference section */

/* Begin XCSwiftPackageProductDependency section */
		5072F2F02853480C006B1448 /* Alamofire */ = {
			isa = XCSwiftPackageProductDependency;
			package = 5072F2EF2853480C006B1448 /* XCRemoteSwiftPackageReference "Alamofire" */;
			productName = Alamofire;
		};
/* End XCSwiftPackageProductDependency section */
	};
	rootObject = 5072F2A92850C5EE006B1448 /* Project object */;
}
